# BKL-031 F3-A3 linux/amd64 CPython 3.12 candidate lock.
# Artifact hashes are the official PyPI release-file SHA-256 values captured on 2026-09-16.
astropy==8.0.1 \
    --hash=sha256:fa11d56855e10107ea2231a6b6a33dbf1edbea6890adf34634c1f1d8f25c5a5a
astropy-iers-data==0.2026.9.14.0.56.43 \
    --hash=sha256:43786a0a9b60c7a55a85e12307c0050d75ea0679710378141255ded9d1bd8ebc
certifi==2026.7.22 \
    --hash=sha256:62f22742b58a1a33014a2b6b706588a8d7e2a88ae7bd1a6ebe8c992928483775
jplephem==2.24 \
    --hash=sha256:2de15608a0f13010a71a0a8af8765646d5884402006dac0dd7639d7db13629ac
numpy==2.5.3 \
    --hash=sha256:b7e18c623bb5c95acb3b3328861272816ba199fb531921c5d6d0b675f1fde9e3
packaging==26.3 \
    --hash=sha256:d7193f7c8e4e93f444fde0262bf90af30e16fa0ad0ad44cb553c87339b23cd1c
pyerfa==2.0.1.5 \
    --hash=sha256:0e43c7194e3242083f2350b46c09fd4bf8ba1bcc0ebd1460b98fc47fe2389906
PyYAML==6.0.3 \
    --hash=sha256:ba1cc08a7ccde2d2ec775841541641e4548226580ab850948cbfda66a1befcdc
sgp4==2.27 \
    --hash=sha256:4d3775313120dcb6239535fa0c94cb6d5b089fd84bbfb15220923ae38dec7296
skyfield==1.55 \
    --hash=sha256:9f98964855067460c94aa81a337194136f4a97a62ba8bbbfac1b8556f2b66ad4
